
Microsoft Visual Studio Solution File, Format Version 12.00
# Visual Studio Version 17
VisualStudioVersion = 17.4.33213.308
MinimumVisualStudioVersion = 10.0.40219.1
Project("{FAE04EC0-301F-11D3-BF4B-00C04F79EFBC}") = "Week4Loops", "Week4Loops\Week4Loops.csproj", "{91056EC0-6383-4484-AF1A-72A592B8F361}"
EndProject
Project("{FAE04EC0-301F-11D3-BF4B-00C04F79EFBC}") = "ForLoopSum", "ForLoopSum\ForLoopSum.csproj", "{299BAB10-71ED-40A7-81BE-6D43FD8220F7}"
EndProject
Project("{FAE04EC0-301F-11D3-BF4B-00C04F79EFBC}") = "RandomNumber", "RandomNumber\RandomNumber.csproj", "{8EE40A59-DF8E-4DC1-8274-2BF87376DE92}"
EndProject
Project("{FAE04EC0-301F-11D3-BF4B-00C04F79EFBC}") = "WhileLoops", "WhileLoops\WhileLoops.csproj", "{D41DB359-A12B-42CB-BC34-15FFFC34278D}"
EndProject
Global
	GlobalSection(SolutionConfigurationPlatforms) = preSolution
		Debug|Any CPU = Debug|Any CPU
		Release|Any CPU = Release|Any CPU
	EndGlobalSection
	GlobalSection(ProjectConfigurationPlatforms) = postSolution
		{91056EC0-6383-4484-AF1A-72A592B8F361}.Debug|Any CPU.ActiveCfg = Debug|Any CPU
		{91056EC0-6383-4484-AF1A-72A592B8F361}.Debug|Any CPU.Build.0 = Debug|Any CPU
		{91056EC0-6383-4484-AF1A-72A592B8F361}.Release|Any CPU.ActiveCfg = Release|Any CPU
		{91056EC0-6383-4484-AF1A-72A592B8F361}.Release|Any CPU.Build.0 = Release|Any CPU
		{299BAB10-71ED-40A7-81BE-6D43FD8220F7}.Debug|Any CPU.ActiveCfg = Debug|Any CPU
		{299BAB10-71ED-40A7-81BE-6D43FD8220F7}.Debug|Any CPU.Build.0 = Debug|Any CPU
		{299BAB10-71ED-40A7-81BE-6D43FD8220F7}.Release|Any CPU.ActiveCfg = Release|Any CPU
		{299BAB10-71ED-40A7-81BE-6D43FD8220F7}.Release|Any CPU.Build.0 = Release|Any CPU
		{8EE40A59-DF8E-4DC1-8274-2BF87376DE92}.Debug|Any CPU.ActiveCfg = Debug|Any CPU
		{8EE40A59-DF8E-4DC1-8274-2BF87376DE92}.Debug|Any CPU.Build.0 = Debug|Any CPU
		{8EE40A59-DF8E-4DC1-8274-2BF87376DE92}.Release|Any CPU.ActiveCfg = Release|Any CPU
		{8EE40A59-DF8E-4DC1-8274-2BF87376DE92}.Release|Any CPU.Build.0 = Release|Any CPU
		{D41DB359-A12B-42CB-BC34-15FFFC34278D}.Debug|Any CPU.ActiveCfg = Debug|Any CPU
		{D41DB359-A12B-42CB-BC34-15FFFC34278D}.Debug|Any CPU.Build.0 = Debug|Any CPU
		{D41DB359-A12B-42CB-BC34-15FFFC34278D}.Release|Any CPU.ActiveCfg = Release|Any CPU
		{D41DB359-A12B-42CB-BC34-15FFFC34278D}.Release|Any CPU.Build.0 = Release|Any CPU
	EndGlobalSection
	GlobalSection(SolutionProperties) = preSolution
		HideSolutionNode = FALSE
	EndGlobalSection
	GlobalSection(ExtensibilityGlobals) = postSolution
		SolutionGuid = {07D56BAC-6F7B-40D2-8422-CC84C3BF0458}
	EndGlobalSection
EndGlobal
